
Microsoft Visual Studio Solution File, Format Version 12.00
# Visual Studio Version 17
VisualStudioVersion = 17.5.33530.505
MinimumVisualStudioVersion = 10.0.40219.1
Project("{FAE04EC0-301F-11D3-BF4B-00C04F79EFBC}") = "TodoApi", "TodoApi\TodoApi.csproj", "{7A9A4893-F8AA-482F-AAF5-0EF0D25F59AD}"
EndProject
Global
	GlobalSection(SolutionConfigurationPlatforms) = preSolution
		Debug|Any CPU = Debug|Any CPU
		Release|Any CPU = Release|Any CPU
	EndGlobalSection
	GlobalSection(ProjectConfigurationPlatforms) = postSolution
		{7A9A4893-F8AA-482F-AAF5-0EF0D25F59AD}.Debug|Any CPU.ActiveCfg = Debug|Any CPU
		{7A9A4893-F8AA-482F-AAF5-0EF0D25F59AD}.Debug|Any CPU.Build.0 = Debug|Any CPU
		{7A9A4893-F8AA-482F-AAF5-0EF0D25F59AD}.Release|Any CPU.ActiveCfg = Release|Any CPU
		{7A9A4893-F8AA-482F-AAF5-0EF0D25F59AD}.Release|Any CPU.Build.0 = Release|Any CPU
	EndGlobalSection
	GlobalSection(SolutionProperties) = preSolution
		HideSolutionNode = FALSE
	EndGlobalSection
	GlobalSection(ExtensibilityGlobals) = postSolution
		SolutionGuid = {C14BBAF1-4EF7-49D0-8FB8-2D5ADE0C502C}
	EndGlobalSection
EndGlobal
